{
    "_readme": [
        "This file locks the dependencies of your project to a known state",
        "Read more about it at https://getcomposer.org/doc/01-basic-usage.md#installing-dependencies",
        "This file is @generated automatically"
    ],
    "content-hash": "86a5d2ac1e2d0c145090dc8414439e55",
    "packages": [],
    "packages-dev": [],
    "aliases": [],
    "minimum-stability": "stable",
    "stability-flags": [],
    "prefer-stable": true,
    "prefer-lowest": false,
    "platform": {
        "php": "^8.2.0"
    },
    "platform-dev": [],
    "plugin-api-version": "2.3.0"
}
